
Microsoft Visual Studio Solution File, Format Version 12.00
# Visual Studio Version 16
VisualStudioVersion = 16.0.31025.194
MinimumVisualStudioVersion = 10.0.40219.1
Project("{9A19103F-16F7-4668-BE54-9A1E7A4F7556}") = "Auth.Model", "Auth.Model\Auth.Model.csproj", "{AD1E6D29-B7DA-4E8C-B2A0-B4625631D18B}"
EndProject
Project("{9A19103F-16F7-4668-BE54-9A1E7A4F7556}") = "Auth.API", "Auth.API\Auth.API.csproj", "{502B0A6D-E72B-42F2-9895-1969F9F012BC}"
EndProject
Project("{9A19103F-16F7-4668-BE54-9A1E7A4F7556}") = "Auth.Service", "Auth.Service\Auth.Service.csproj", "{FF8D3AE8-4A1E-48E9-9706-040A72EEEF57}"
EndProject
Project("{9A19103F-16F7-4668-BE54-9A1E7A4F7556}") = "Auth.Infrastructure", "Auth.Infrastructure\Auth.Infrastructure.csproj", "{C895A0CE-A6FF-41D3-B0E3-2F78D8E6BB6F}"
EndProject
Project("{FAE04EC0-301F-11D3-BF4B-00C04F79EFBC}") = "Auth.unitTests", "Auth.unitTests\Auth.unitTests.csproj", "{4045FF07-9877-4644-BF25-3B1E3940F364}"
EndProject
Global
	GlobalSection(SolutionConfigurationPlatforms) = preSolution
		Debug|Any CPU = Debug|Any CPU
		Release|Any CPU = Release|Any CPU
	EndGlobalSection
	GlobalSection(ProjectConfigurationPlatforms) = postSolution
		{AD1E6D29-B7DA-4E8C-B2A0-B4625631D18B}.Debug|Any CPU.ActiveCfg = Debug|Any CPU
		{AD1E6D29-B7DA-4E8C-B2A0-B4625631D18B}.Debug|Any CPU.Build.0 = Debug|Any CPU
		{AD1E6D29-B7DA-4E8C-B2A0-B4625631D18B}.Release|Any CPU.ActiveCfg = Release|Any CPU
		{AD1E6D29-B7DA-4E8C-B2A0-B4625631D18B}.Release|Any CPU.Build.0 = Release|Any CPU
		{502B0A6D-E72B-42F2-9895-1969F9F012BC}.Debug|Any CPU.ActiveCfg = Debug|Any CPU
		{502B0A6D-E72B-42F2-9895-1969F9F012BC}.Debug|Any CPU.Build.0 = Debug|Any CPU
		{502B0A6D-E72B-42F2-9895-1969F9F012BC}.Release|Any CPU.ActiveCfg = Release|Any CPU
		{502B0A6D-E72B-42F2-9895-1969F9F012BC}.Release|Any CPU.Build.0 = Release|Any CPU
		{FF8D3AE8-4A1E-48E9-9706-040A72EEEF57}.Debug|Any CPU.ActiveCfg = Debug|Any CPU
		{FF8D3AE8-4A1E-48E9-9706-040A72EEEF57}.Debug|Any CPU.Build.0 = Debug|Any CPU
		{FF8D3AE8-4A1E-48E9-9706-040A72EEEF57}.Release|Any CPU.ActiveCfg = Release|Any CPU
		{FF8D3AE8-4A1E-48E9-9706-040A72EEEF57}.Release|Any CPU.Build.0 = Release|Any CPU
		{C895A0CE-A6FF-41D3-B0E3-2F78D8E6BB6F}.Debug|Any CPU.ActiveCfg = Debug|Any CPU
		{C895A0CE-A6FF-41D3-B0E3-2F78D8E6BB6F}.Debug|Any CPU.Build.0 = Debug|Any CPU
		{C895A0CE-A6FF-41D3-B0E3-2F78D8E6BB6F}.Release|Any CPU.ActiveCfg = Release|Any CPU
		{C895A0CE-A6FF-41D3-B0E3-2F78D8E6BB6F}.Release|Any CPU.Build.0 = Release|Any CPU
		{4045FF07-9877-4644-BF25-3B1E3940F364}.Debug|Any CPU.ActiveCfg = Debug|Any CPU
		{4045FF07-9877-4644-BF25-3B1E3940F364}.Debug|Any CPU.Build.0 = Debug|Any CPU
		{4045FF07-9877-4644-BF25-3B1E3940F364}.Release|Any CPU.ActiveCfg = Release|Any CPU
		{4045FF07-9877-4644-BF25-3B1E3940F364}.Release|Any CPU.Build.0 = Release|Any CPU
	EndGlobalSection
	GlobalSection(SolutionProperties) = preSolution
		HideSolutionNode = FALSE
	EndGlobalSection
	GlobalSection(ExtensibilityGlobals) = postSolution
		SolutionGuid = {FD5D8191-AB6A-4012-98DB-A471540BE564}
	EndGlobalSection
EndGlobal
