
Microsoft Visual Studio Solution File, Format Version 12.00
# Visual Studio Version 17
VisualStudioVersion = 17.1.32228.430
MinimumVisualStudioVersion = 10.0.40219.1
Project("{9A19103F-16F7-4668-BE54-9A1E7A4F7556}") = "RecipeHub.Domain", "RecipeHub.Domain\RecipeHub.Domain.csproj", "{DDA7DA84-4757-44F5-9150-8A7BAEFB7948}"
EndProject
Project("{9A19103F-16F7-4668-BE54-9A1E7A4F7556}") = "RecipeHub.API", "RecipeHub.API\RecipeHub.API.csproj", "{DB938060-3C49-4541-959D-975D9E983643}"
EndProject
Project("{9A19103F-16F7-4668-BE54-9A1E7A4F7556}") = "RecipeHub.Infrastructure", "RecipeHub.Infrastructure\RecipeHub.Infrastructure.csproj", "{8D0CA41D-F000-4260-A1BC-7989F3447638}"
EndProject
Project("{9A19103F-16F7-4668-BE54-9A1E7A4F7556}") = "RecipeHub.xUnitTests", "RecipeHub.xUnitTests\RecipeHub.xUnitTests.csproj", "{EE4B792A-B557-4C01-82B7-C0C54EEEF625}"
EndProject
Global
	GlobalSection(SolutionConfigurationPlatforms) = preSolution
		Debug|Any CPU = Debug|Any CPU
		Release|Any CPU = Release|Any CPU
	EndGlobalSection
	GlobalSection(ProjectConfigurationPlatforms) = postSolution
		{DDA7DA84-4757-44F5-9150-8A7BAEFB7948}.Debug|Any CPU.ActiveCfg = Debug|Any CPU
		{DDA7DA84-4757-44F5-9150-8A7BAEFB7948}.Debug|Any CPU.Build.0 = Debug|Any CPU
		{DDA7DA84-4757-44F5-9150-8A7BAEFB7948}.Release|Any CPU.ActiveCfg = Release|Any CPU
		{DDA7DA84-4757-44F5-9150-8A7BAEFB7948}.Release|Any CPU.Build.0 = Release|Any CPU
		{DB938060-3C49-4541-959D-975D9E983643}.Debug|Any CPU.ActiveCfg = Debug|Any CPU
		{DB938060-3C49-4541-959D-975D9E983643}.Debug|Any CPU.Build.0 = Debug|Any CPU
		{DB938060-3C49-4541-959D-975D9E983643}.Release|Any CPU.ActiveCfg = Release|Any CPU
		{DB938060-3C49-4541-959D-975D9E983643}.Release|Any CPU.Build.0 = Release|Any CPU
		{8D0CA41D-F000-4260-A1BC-7989F3447638}.Debug|Any CPU.ActiveCfg = Debug|Any CPU
		{8D0CA41D-F000-4260-A1BC-7989F3447638}.Debug|Any CPU.Build.0 = Debug|Any CPU
		{8D0CA41D-F000-4260-A1BC-7989F3447638}.Release|Any CPU.ActiveCfg = Release|Any CPU
		{8D0CA41D-F000-4260-A1BC-7989F3447638}.Release|Any CPU.Build.0 = Release|Any CPU
		{EE4B792A-B557-4C01-82B7-C0C54EEEF625}.Debug|Any CPU.ActiveCfg = Debug|Any CPU
		{EE4B792A-B557-4C01-82B7-C0C54EEEF625}.Debug|Any CPU.Build.0 = Debug|Any CPU
		{EE4B792A-B557-4C01-82B7-C0C54EEEF625}.Release|Any CPU.ActiveCfg = Release|Any CPU
		{EE4B792A-B557-4C01-82B7-C0C54EEEF625}.Release|Any CPU.Build.0 = Release|Any CPU
	EndGlobalSection
	GlobalSection(SolutionProperties) = preSolution
		HideSolutionNode = FALSE
	EndGlobalSection
	GlobalSection(ExtensibilityGlobals) = postSolution
		SolutionGuid = {7BABBAAD-E257-428E-B945-940A58541F35}
	EndGlobalSection
EndGlobal
